
Microsoft Visual Studio Solution File, Format Version 12.00
# Visual Studio Version 17
VisualStudioVersion = 17.5.33424.131
MinimumVisualStudioVersion = 10.0.40219.1
Project("{FAE04EC0-301F-11D3-BF4B-00C04F79EFBC}") = "SuperAPI", "SuperAPI\SuperAPI.csproj", "{F8B883F0-77FD-4032-BA9A-450E9B98D5F0}"
EndProject
Global
	GlobalSection(SolutionConfigurationPlatforms) = preSolution
		Debug|Any CPU = Debug|Any CPU
		Release|Any CPU = Release|Any CPU
	EndGlobalSection
	GlobalSection(ProjectConfigurationPlatforms) = postSolution
		{F8B883F0-77FD-4032-BA9A-450E9B98D5F0}.Debug|Any CPU.ActiveCfg = Debug|Any CPU
		{F8B883F0-77FD-4032-BA9A-450E9B98D5F0}.Debug|Any CPU.Build.0 = Debug|Any CPU
		{F8B883F0-77FD-4032-BA9A-450E9B98D5F0}.Release|Any CPU.ActiveCfg = Release|Any CPU
		{F8B883F0-77FD-4032-BA9A-450E9B98D5F0}.Release|Any CPU.Build.0 = Release|Any CPU
	EndGlobalSection
	GlobalSection(SolutionProperties) = preSolution
		HideSolutionNode = FALSE
	EndGlobalSection
	GlobalSection(ExtensibilityGlobals) = postSolution
		SolutionGuid = {139E43BA-4AA0-4CB0-8263-62F69282B8B6}
	EndGlobalSection
EndGlobal
